
Microsoft Visual Studio Solution File, Format Version 12.00
# Visual Studio 15
VisualStudioVersion = 15.0.26730.16
MinimumVisualStudioVersion = 10.0.40219.1
Project("{FAE04EC0-301F-11D3-BF4B-00C04F79EFBC}") = "Obrazce", "Obrazce\Obrazce.csproj", "{AB70CD94-13DF-4ED1-8758-54CF5CB7B64E}"
EndProject
Global
	GlobalSection(SolutionConfigurationPlatforms) = preSolution
		Debug|Any CPU = Debug|Any CPU
		Release|Any CPU = Release|Any CPU
	EndGlobalSection
	GlobalSection(ProjectConfigurationPlatforms) = postSolution
		{AB70CD94-13DF-4ED1-8758-54CF5CB7B64E}.Debug|Any CPU.ActiveCfg = Debug|Any CPU
		{AB70CD94-13DF-4ED1-8758-54CF5CB7B64E}.Debug|Any CPU.Build.0 = Debug|Any CPU
		{AB70CD94-13DF-4ED1-8758-54CF5CB7B64E}.Release|Any CPU.ActiveCfg = Release|Any CPU
		{AB70CD94-13DF-4ED1-8758-54CF5CB7B64E}.Release|Any CPU.Build.0 = Release|Any CPU
	EndGlobalSection
	GlobalSection(SolutionProperties) = preSolution
		HideSolutionNode = FALSE
	EndGlobalSection
	GlobalSection(ExtensibilityGlobals) = postSolution
		SolutionGuid = {DF619819-F28C-468C-93AB-DA9697E7EC8A}
	EndGlobalSection
EndGlobal
